
Microsoft Visual Studio Solution File, Format Version 12.00
# Visual Studio Version 16
VisualStudioVersion = 16.0.30413.136
MinimumVisualStudioVersion = 10.0.40219.1
Project("{FAE04EC0-301F-11D3-BF4B-00C04F79EFBC}") = "URC", "URC.csproj", "{F63ED440-ABBF-4E69-8CB2-6E1485ABDFBD}"
EndProject
Global
	GlobalSection(SolutionConfigurationPlatforms) = preSolution
		Debug|Any CPU = Debug|Any CPU
		Release|Any CPU = Release|Any CPU
	EndGlobalSection
	GlobalSection(ProjectConfigurationPlatforms) = postSolution
		{F63ED440-ABBF-4E69-8CB2-6E1485ABDFBD}.Debug|Any CPU.ActiveCfg = Debug|Any CPU
		{F63ED440-ABBF-4E69-8CB2-6E1485ABDFBD}.Debug|Any CPU.Build.0 = Debug|Any CPU
		{F63ED440-ABBF-4E69-8CB2-6E1485ABDFBD}.Release|Any CPU.ActiveCfg = Release|Any CPU
		{F63ED440-ABBF-4E69-8CB2-6E1485ABDFBD}.Release|Any CPU.Build.0 = Release|Any CPU
	EndGlobalSection
	GlobalSection(SolutionProperties) = preSolution
		HideSolutionNode = FALSE
	EndGlobalSection
	GlobalSection(ExtensibilityGlobals) = postSolution
		SolutionGuid = {69C83A53-0737-4689-9171-BFDEAC423B19}
	EndGlobalSection
EndGlobal
